
Microsoft Visual Studio Solution File, Format Version 12.00
# Visual Studio Version 16
VisualStudioVersion = 16.0.29123.88
MinimumVisualStudioVersion = 10.0.40219.1
Project("{FAE04EC0-301F-11D3-BF4B-00C04F79EFBC}") = "cwiczenia1", "cwiczenia1\cwiczenia1.csproj", "{DC8BA1E7-9D35-4DBC-B5C5-73CED3414B55}"
EndProject
Global
	GlobalSection(SolutionConfigurationPlatforms) = preSolution
		Debug|Any CPU = Debug|Any CPU
		Release|Any CPU = Release|Any CPU
	EndGlobalSection
	GlobalSection(ProjectConfigurationPlatforms) = postSolution
		{DC8BA1E7-9D35-4DBC-B5C5-73CED3414B55}.Debug|Any CPU.ActiveCfg = Debug|Any CPU
		{DC8BA1E7-9D35-4DBC-B5C5-73CED3414B55}.Debug|Any CPU.Build.0 = Debug|Any CPU
		{DC8BA1E7-9D35-4DBC-B5C5-73CED3414B55}.Release|Any CPU.ActiveCfg = Release|Any CPU
		{DC8BA1E7-9D35-4DBC-B5C5-73CED3414B55}.Release|Any CPU.Build.0 = Release|Any CPU
	EndGlobalSection
	GlobalSection(SolutionProperties) = preSolution
		HideSolutionNode = FALSE
	EndGlobalSection
	GlobalSection(ExtensibilityGlobals) = postSolution
		SolutionGuid = {DCEF3F2F-AA91-459A-8FFE-D0993BA719C7}
	EndGlobalSection
EndGlobal
